
Microsoft Visual Studio Solution File, Format Version 12.00
# Visual Studio Version 17
VisualStudioVersion = 17.8.34525.116
MinimumVisualStudioVersion = 10.0.40219.1
Project("{FAE04EC0-301F-11D3-BF4B-00C04F79EFBC}") = "VpnHood.Client.Linux", "VpnHood.Client.Linux\VpnHood.Client.Linux.csproj", "{3D1655EC-3EAA-47C9-808A-B41F794F38F2}"
EndProject
Global
	GlobalSection(SolutionConfigurationPlatforms) = preSolution
		Debug|Any CPU = Debug|Any CPU
		Release|Any CPU = Release|Any CPU
	EndGlobalSection
	GlobalSection(ProjectConfigurationPlatforms) = postSolution
		{3D1655EC-3EAA-47C9-808A-B41F794F38F2}.Debug|Any CPU.ActiveCfg = Debug|Any CPU
		{3D1655EC-3EAA-47C9-808A-B41F794F38F2}.Debug|Any CPU.Build.0 = Debug|Any CPU
		{3D1655EC-3EAA-47C9-808A-B41F794F38F2}.Release|Any CPU.ActiveCfg = Release|Any CPU
		{3D1655EC-3EAA-47C9-808A-B41F794F38F2}.Release|Any CPU.Build.0 = Release|Any CPU
	EndGlobalSection
	GlobalSection(SolutionProperties) = preSolution
		HideSolutionNode = FALSE
	EndGlobalSection
	GlobalSection(ExtensibilityGlobals) = postSolution
		SolutionGuid = {EDDDF648-85D2-46BF-9554-7807EED7E558}
	EndGlobalSection
EndGlobal
